// !$*UTF8*$!
{
	archiveVersion = 1;
	classes = {
	};
	objectVersion = 55;
	objects = {

/* Begin PBXBuildFile section */
		007E92DE2744BBC3008041E3 /* ConcurrentClientServerApp.swift in Sources */ = {isa = PBXBuildFile; fileRef = 007E92CE2744BBC1008041E3 /* ConcurrentClientServerApp.swift */; };
		007E92DF2744BBC3008041E3 /* ConcurrentClientServerApp.swift in Sources */ = {isa = PBXBuildFile; fileRef = 007E92CE2744BBC1008041E3 /* ConcurrentClientServerApp.swift */; };
		007E92E22744BBC3008041E3 /* Assets.xcassets in Resources */ = {isa = PBXBuildFile; fileRef = 007E92D02744BBC3008041E3 /* Assets.xcassets */; };
		007E92E32744BBC3008041E3 /* Assets.xcassets in Resources */ = {isa = PBXBuildFile; fileRef = 007E92D02744BBC3008041E3 /* Assets.xcassets */; };
		007E92ED2744BFB0008041E3 /* CurrentMinLoadBalancer.swift in Sources */ = {isa = PBXBuildFile; fileRef = 007E92EC2744BFB0008041E3 /* CurrentMinLoadBalancer.swift */; };
		007E92EE2744BFB0008041E3 /* CurrentMinLoadBalancer.swift in Sources */ = {isa = PBXBuildFile; fileRef = 007E92EC2744BFB0008041E3 /* CurrentMinLoadBalancer.swift */; };
		007E92F02744BFFD008041E3 /* LoadBalancer.swift in Sources */ = {isa = PBXBuildFile; fileRef = 007E92EF2744BFFD008041E3 /* LoadBalancer.swift */; };
		007E92F12744BFFD008041E3 /* LoadBalancer.swift in Sources */ = {isa = PBXBuildFile; fileRef = 007E92EF2744BFFD008041E3 /* LoadBalancer.swift */; };
		008BC48827461264002D4439 /* SyncQueuesContainerPresenter.swift in Sources */ = {isa = PBXBuildFile; fileRef = 008BC48727461264002D4439 /* SyncQueuesContainerPresenter.swift */; };
		008BC48927461264002D4439 /* SyncQueuesContainerPresenter.swift in Sources */ = {isa = PBXBuildFile; fileRef = 008BC48727461264002D4439 /* SyncQueuesContainerPresenter.swift */; };
		0093F935274FD60B00BCA042 /* AsyncQueuesContainerPresenter.swift in Sources */ = {isa = PBXBuildFile; fileRef = 0093F934274FD60B00BCA042 /* AsyncQueuesContainerPresenter.swift */; };
		0093F936274FD60B00BCA042 /* AsyncQueuesContainerPresenter.swift in Sources */ = {isa = PBXBuildFile; fileRef = 0093F934274FD60B00BCA042 /* AsyncQueuesContainerPresenter.swift */; };
		0093F938274FD65B00BCA042 /* QueuesContainerPresenterProtocol.swift in Sources */ = {isa = PBXBuildFile; fileRef = 0093F937274FD65B00BCA042 /* QueuesContainerPresenterProtocol.swift */; };
		0093F939274FD65B00BCA042 /* QueuesContainerPresenterProtocol.swift in Sources */ = {isa = PBXBuildFile; fileRef = 0093F937274FD65B00BCA042 /* QueuesContainerPresenterProtocol.swift */; };
		0093F93E274FFD3D00BCA042 /* SerialExecutor.swift in Sources */ = {isa = PBXBuildFile; fileRef = 0093F93D274FFD3D00BCA042 /* SerialExecutor.swift */; };
		0093F93F274FFD3D00BCA042 /* SerialExecutor.swift in Sources */ = {isa = PBXBuildFile; fileRef = 0093F93D274FFD3D00BCA042 /* SerialExecutor.swift */; };
		0093F9412750009400BCA042 /* AsyncSerialQueue.swift in Sources */ = {isa = PBXBuildFile; fileRef = 0093F9402750009400BCA042 /* AsyncSerialQueue.swift */; };
		0093F9422750009400BCA042 /* AsyncSerialQueue.swift in Sources */ = {isa = PBXBuildFile; fileRef = 0093F9402750009400BCA042 /* AsyncSerialQueue.swift */; };
		00A2011B274991DC0004DF82 /* QueuePresenter.swift in Sources */ = {isa = PBXBuildFile; fileRef = 00A2011A274991DC0004DF82 /* QueuePresenter.swift */; };
		00A2011C274991DC0004DF82 /* QueuePresenter.swift in Sources */ = {isa = PBXBuildFile; fileRef = 00A2011A274991DC0004DF82 /* QueuePresenter.swift */; };
		00A2011E2749986A0004DF82 /* QueueContainerView.swift in Sources */ = {isa = PBXBuildFile; fileRef = 00A2011D2749986A0004DF82 /* QueueContainerView.swift */; };
		00A2011F2749986A0004DF82 /* QueueContainerView.swift in Sources */ = {isa = PBXBuildFile; fileRef = 00A2011D2749986A0004DF82 /* QueueContainerView.swift */; };
		00A42A72274CA1C4009EB9F3 /* OperationQueueService.swift in Sources */ = {isa = PBXBuildFile; fileRef = 00A42A71274CA1C3009EB9F3 /* OperationQueueService.swift */; };
		00A42A73274CA1C4009EB9F3 /* OperationQueueService.swift in Sources */ = {isa = PBXBuildFile; fileRef = 00A42A71274CA1C3009EB9F3 /* OperationQueueService.swift */; };
		00A42A76274CA5B7009EB9F3 /* DummyCancellableOperation.swift in Sources */ = {isa = PBXBuildFile; fileRef = 00A42A75274CA5B7009EB9F3 /* DummyCancellableOperation.swift */; };
		00A42A77274CA5B7009EB9F3 /* DummyCancellableOperation.swift in Sources */ = {isa = PBXBuildFile; fileRef = 00A42A75274CA5B7009EB9F3 /* DummyCancellableOperation.swift */; };
		00A42A99274DF797009EB9F3 /* SwiftCService.swift in Sources */ = {isa = PBXBuildFile; fileRef = 00A42A98274DF797009EB9F3 /* SwiftCService.swift */; };
		00AB61AC274A33940046B7D3 /* GCDService.swift in Sources */ = {isa = PBXBuildFile; fileRef = 00AB61AB274A33940046B7D3 /* GCDService.swift */; };
		00AB61AD274A33940046B7D3 /* GCDService.swift in Sources */ = {isa = PBXBuildFile; fileRef = 00AB61AB274A33940046B7D3 /* GCDService.swift */; };
		00AB61AF274A33BC0046B7D3 /* ServiceRequest.swift in Sources */ = {isa = PBXBuildFile; fileRef = 00AB61AE274A33BC0046B7D3 /* ServiceRequest.swift */; };
		00AB61B0274A33BC0046B7D3 /* ServiceRequest.swift in Sources */ = {isa = PBXBuildFile; fileRef = 00AB61AE274A33BC0046B7D3 /* ServiceRequest.swift */; };
		00AB61B8274A3B5E0046B7D3 /* QueueItemViewModel.swift in Sources */ = {isa = PBXBuildFile; fileRef = 00AB61B7274A3B5E0046B7D3 /* QueueItemViewModel.swift */; };
		00AB61B9274A3B5E0046B7D3 /* QueueItemViewModel.swift in Sources */ = {isa = PBXBuildFile; fileRef = 00AB61B7274A3B5E0046B7D3 /* QueueItemViewModel.swift */; };
		00AB61BB274A3E850046B7D3 /* QueueViewModel.swift in Sources */ = {isa = PBXBuildFile; fileRef = 00AB61BA274A3E850046B7D3 /* QueueViewModel.swift */; };
		00AB61BC274A3E850046B7D3 /* QueueViewModel.swift in Sources */ = {isa = PBXBuildFile; fileRef = 00AB61BA274A3E850046B7D3 /* QueueViewModel.swift */; };
		00AB61BE274A3F8C0046B7D3 /* Service.swift in Sources */ = {isa = PBXBuildFile; fileRef = 00AB61BD274A3F8C0046B7D3 /* Service.swift */; };
		00AB61BF274A3F8C0046B7D3 /* Service.swift in Sources */ = {isa = PBXBuildFile; fileRef = 00AB61BD274A3F8C0046B7D3 /* Service.swift */; };
		00AB61C2274A4ADC0046B7D3 /* Color+CyberPunkRetroPalette.swift in Sources */ = {isa = PBXBuildFile; fileRef = 00AB61C1274A4ADC0046B7D3 /* Color+CyberPunkRetroPalette.swift */; };
		00AB61C3274A4ADC0046B7D3 /* Color+CyberPunkRetroPalette.swift in Sources */ = {isa = PBXBuildFile; fileRef = 00AB61C1274A4ADC0046B7D3 /* Color+CyberPunkRetroPalette.swift */; };
		00AD4C172748C52A009C517B /* QueueView.swift in Sources */ = {isa = PBXBuildFile; fileRef = 00AD4C162748C52A009C517B /* QueueView.swift */; };
		00AD4C182748C52A009C517B /* QueueView.swift in Sources */ = {isa = PBXBuildFile; fileRef = 00AD4C162748C52A009C517B /* QueueView.swift */; };
		00C0FEAE274F648400F3D5AC /* AsyncCurrentMinLoadBalancerProxy.swift in Sources */ = {isa = PBXBuildFile; fileRef = 00C0FEAD274F648400F3D5AC /* AsyncCurrentMinLoadBalancerProxy.swift */; };
		00C0FEAF274F648400F3D5AC /* AsyncCurrentMinLoadBalancerProxy.swift in Sources */ = {isa = PBXBuildFile; fileRef = 00C0FEAD274F648400F3D5AC /* AsyncCurrentMinLoadBalancerProxy.swift */; };
		00E6380D2751F5ED0033C5B9 /* QueuesContainerPresenter.swift in Sources */ = {isa = PBXBuildFile; fileRef = 00E6380C2751F5ED0033C5B9 /* QueuesContainerPresenter.swift */; };
		00E6380E2751F5ED0033C5B9 /* QueuesContainerPresenter.swift in Sources */ = {isa = PBXBuildFile; fileRef = 00E6380C2751F5ED0033C5B9 /* QueuesContainerPresenter.swift */; };
/* End PBXBuildFile section */

/* Begin PBXFileReference section */
		007E92CE2744BBC1008041E3 /* ConcurrentClientServerApp.swift */ = {isa = PBXFileReference; lastKnownFileType = sourcecode.swift; path = ConcurrentClientServerApp.swift; sourceTree = "<group>"; };
		007E92D02744BBC3008041E3 /* Assets.xcassets */ = {isa = PBXFileReference; lastKnownFileType = folder.assetcatalog; path = Assets.xcassets; sourceTree = "<group>"; };
		007E92D52744BBC3008041E3 /* ConcurrentClientServer.app */ = {isa = PBXFileReference; explicitFileType = wrapper.application; includeInIndex = 0; path = ConcurrentClientServer.app; sourceTree = BUILT_PRODUCTS_DIR; };
		007E92DB2744BBC3008041E3 /* ConcurrentClientServer.app */ = {isa = PBXFileReference; explicitFileType = wrapper.application; includeInIndex = 0; path = ConcurrentClientServer.app; sourceTree = BUILT_PRODUCTS_DIR; };
		007E92DD2744BBC3008041E3 /* macOS.entitlements */ = {isa = PBXFileReference; lastKnownFileType = text.plist.entitlements; path = macOS.entitlements; sourceTree = "<group>"; };
		007E92EC2744BFB0008041E3 /* CurrentMinLoadBalancer.swift */ = {isa = PBXFileReference; lastKnownFileType = sourcecode.swift; path = CurrentMinLoadBalancer.swift; sourceTree = "<group>"; };
		007E92EF2744BFFD008041E3 /* LoadBalancer.swift */ = {isa = PBXFileReference; lastKnownFileType = sourcecode.swift; path = LoadBalancer.swift; sourceTree = "<group>"; };
		008BC48727461264002D4439 /* SyncQueuesContainerPresenter.swift */ = {isa = PBXFileReference; lastKnownFileType = sourcecode.swift; path = SyncQueuesContainerPresenter.swift; sourceTree = "<group>"; };
		0093F934274FD60B00BCA042 /* AsyncQueuesContainerPresenter.swift */ = {isa = PBXFileReference; lastKnownFileType = sourcecode.swift; path = AsyncQueuesContainerPresenter.swift; sourceTree = "<group>"; };
		0093F937274FD65B00BCA042 /* QueuesContainerPresenterProtocol.swift */ = {isa = PBXFileReference; lastKnownFileType = sourcecode.swift; path = QueuesContainerPresenterProtocol.swift; sourceTree = "<group>"; };
		0093F93D274FFD3D00BCA042 /* SerialExecutor.swift */ = {isa = PBXFileReference; lastKnownFileType = sourcecode.swift; path = SerialExecutor.swift; sourceTree = "<group>"; };
		0093F9402750009400BCA042 /* AsyncSerialQueue.swift */ = {isa = PBXFileReference; lastKnownFileType = sourcecode.swift; path = AsyncSerialQueue.swift; sourceTree = "<group>"; };
		00A2011A274991DC0004DF82 /* QueuePresenter.swift */ = {isa = PBXFileReference; lastKnownFileType = sourcecode.swift; path = QueuePresenter.swift; sourceTree = "<group>"; };
		00A2011D2749986A0004DF82 /* QueueContainerView.swift */ = {isa = PBXFileReference; lastKnownFileType = sourcecode.swift; path = QueueContainerView.swift; sourceTree = "<group>"; };
		00A42A71274CA1C3009EB9F3 /* OperationQueueService.swift */ = {isa = PBXFileReference; lastKnownFileType = sourcecode.swift; path = OperationQueueService.swift; sourceTree = "<group>"; };
		00A42A75274CA5B7009EB9F3 /* DummyCancellableOperation.swift */ = {isa = PBXFileReference; lastKnownFileType = sourcecode.swift; path = DummyCancellableOperation.swift; sourceTree = "<group>"; };
		00A42A98274DF797009EB9F3 /* SwiftCService.swift */ = {isa = PBXFileReference; lastKnownFileType = sourcecode.swift; path = SwiftCService.swift; sourceTree = "<group>"; };
		00AB61AB274A33940046B7D3 /* GCDService.swift */ = {isa = PBXFileReference; lastKnownFileType = sourcecode.swift; path = GCDService.swift; sourceTree = "<group>"; };
		00AB61AE274A33BC0046B7D3 /* ServiceRequest.swift */ = {isa = PBXFileReference; lastKnownFileType = sourcecode.swift; path = ServiceRequest.swift; sourceTree = "<group>"; };
		00AB61B7274A3B5E0046B7D3 /* QueueItemViewModel.swift */ = {isa = PBXFileReference; lastKnownFileType = sourcecode.swift; path = QueueItemViewModel.swift; sourceTree = "<group>"; };
		00AB61BA274A3E850046B7D3 /* QueueViewModel.swift */ = {isa = PBXFileReference; lastKnownFileType = sourcecode.swift; path = QueueViewModel.swift; sourceTree = "<group>"; };
		00AB61BD274A3F8C0046B7D3 /* Service.swift */ = {isa = PBXFileReference; lastKnownFileType = sourcecode.swift; path = Service.swift; sourceTree = "<group>"; };
		00AB61C1274A4ADC0046B7D3 /* Color+CyberPunkRetroPalette.swift */ = {isa = PBXFileReference; lastKnownFileType = sourcecode.swift; path = "Color+CyberPunkRetroPalette.swift"; sourceTree = "<group>"; };
		00AD4C162748C52A009C517B /* QueueView.swift */ = {isa = PBXFileReference; lastKnownFileType = sourcecode.swift; path = QueueView.swift; sourceTree = "<group>"; };
		00C0FEAD274F648400F3D5AC /* AsyncCurrentMinLoadBalancerProxy.swift */ = {isa = PBXFileReference; lastKnownFileType = sourcecode.swift; path = AsyncCurrentMinLoadBalancerProxy.swift; sourceTree = "<group>"; };
		00E6380C2751F5ED0033C5B9 /* QueuesContainerPresenter.swift */ = {isa = PBXFileReference; lastKnownFileType = sourcecode.swift; path = QueuesContainerPresenter.swift; sourceTree = "<group>"; };
/* End PBXFileReference section */

/* Begin PBXFrameworksBuildPhase section */
		007E92D22744BBC3008041E3 /* Frameworks */ = {
			isa = PBXFrameworksBuildPhase;
			buildActionMask = 2147483647;
			files = (
			);
			runOnlyForDeploymentPostprocessing = 0;
		};
		007E92D82744BBC3008041E3 /* Frameworks */ = {
			isa = PBXFrameworksBuildPhase;
			buildActionMask = 2147483647;
			files = (
			);
			runOnlyForDeploymentPostprocessing = 0;
		};
/* End PBXFrameworksBuildPhase section */

/* Begin PBXGroup section */
		007E92C82744BBC0008041E3 = {
			isa = PBXGroup;
			children = (
				007E92CD2744BBC1008041E3 /* Shared */,
				007E92DC2744BBC3008041E3 /* macOS */,
				007E92D62744BBC3008041E3 /* Products */,
			);
			sourceTree = "<group>";
		};
		007E92CD2744BBC1008041E3 /* Shared */ = {
			isa = PBXGroup;
			children = (
				007E92CE2744BBC1008041E3 /* ConcurrentClientServerApp.swift */,
				00AB61B4274A393D0046B7D3 /* Enqueuing tasks into queues */,
				00AB61B1274A344C0046B7D3 /* Domain */,
				00AB61C0274A4A5F0046B7D3 /* Utilities */,
				007E92D02744BBC3008041E3 /* Assets.xcassets */,
			);
			path = Shared;
			sourceTree = "<group>";
		};
		007E92D62744BBC3008041E3 /* Products */ = {
			isa = PBXGroup;
			children = (
				007E92D52744BBC3008041E3 /* ConcurrentClientServer.app */,
				007E92DB2744BBC3008041E3 /* ConcurrentClientServer.app */,
			);
			name = Products;
			sourceTree = "<group>";
		};
		007E92DC2744BBC3008041E3 /* macOS */ = {
			isa = PBXGroup;
			children = (
				007E92DD2744BBC3008041E3 /* macOS.entitlements */,
			);
			path = macOS;
			sourceTree = "<group>";
		};
		00A42A74274CA582009EB9F3 /* OperationQueues */ = {
			isa = PBXGroup;
			children = (
				00A42A71274CA1C3009EB9F3 /* OperationQueueService.swift */,
				00A42A75274CA5B7009EB9F3 /* DummyCancellableOperation.swift */,
			);
			path = OperationQueues;
			sourceTree = "<group>";
		};
		00A42A78274CA779009EB9F3 /* GCD */ = {
			isa = PBXGroup;
			children = (
				00AB61AB274A33940046B7D3 /* GCDService.swift */,
			);
			path = GCD;
			sourceTree = "<group>";
		};
		00A42A97274DF777009EB9F3 /* Swift Concurrency */ = {
			isa = PBXGroup;
			children = (
				00A42A98274DF797009EB9F3 /* SwiftCService.swift */,
				0093F93D274FFD3D00BCA042 /* SerialExecutor.swift */,
				0093F9402750009400BCA042 /* AsyncSerialQueue.swift */,
			);
			path = "Swift Concurrency";
			sourceTree = "<group>";
		};
		00AB61AA274A337A0046B7D3 /* Services */ = {
			isa = PBXGroup;
			children = (
				00AB61BD274A3F8C0046B7D3 /* Service.swift */,
				00AB61AE274A33BC0046B7D3 /* ServiceRequest.swift */,
				00A42A97274DF777009EB9F3 /* Swift Concurrency */,
				00A42A78274CA779009EB9F3 /* GCD */,
				00A42A74274CA582009EB9F3 /* OperationQueues */,
			);
			path = Services;
			sourceTree = "<group>";
		};
		00AB61B1274A344C0046B7D3 /* Domain */ = {
			isa = PBXGroup;
			children = (
				00AB61B6274A3A230046B7D3 /* Load Balancer */,
				00AB61AA274A337A0046B7D3 /* Services */,
			);
			path = Domain;
			sourceTree = "<group>";
		};
		00AB61B2274A34570046B7D3 /* Queue */ = {
			isa = PBXGroup;
			children = (
				00AD4C162748C52A009C517B /* QueueView.swift */,
				00A2011A274991DC0004DF82 /* QueuePresenter.swift */,
				00AB61B7274A3B5E0046B7D3 /* QueueItemViewModel.swift */,
			);
			path = Queue;
			sourceTree = "<group>";
		};
		00AB61B4274A393D0046B7D3 /* Enqueuing tasks into queues */ = {
			isa = PBXGroup;
			children = (
				00AB61B2274A34570046B7D3 /* Queue */,
				00AB61B5274A39CC0046B7D3 /* Multiple Queues */,
			);
			path = "Enqueuing tasks into queues";
			sourceTree = "<group>";
		};
		00AB61B5274A39CC0046B7D3 /* Multiple Queues */ = {
			isa = PBXGroup;
			children = (
				00A2011D2749986A0004DF82 /* QueueContainerView.swift */,
				00AB61BA274A3E850046B7D3 /* QueueViewModel.swift */,
				0093F937274FD65B00BCA042 /* QueuesContainerPresenterProtocol.swift */,
				00E6380C2751F5ED0033C5B9 /* QueuesContainerPresenter.swift */,
				00E6380F27528BAA0033C5B9 /* Sync - GCD and OpQueues */,
				00E6381027528BE40033C5B9 /* Async - Swift Concurrency */,
			);
			path = "Multiple Queues";
			sourceTree = "<group>";
		};
		00AB61B6274A3A230046B7D3 /* Load Balancer */ = {
			isa = PBXGroup;
			children = (
				007E92EF2744BFFD008041E3 /* LoadBalancer.swift */,
				007E92EC2744BFB0008041E3 /* CurrentMinLoadBalancer.swift */,
				00C0FEAD274F648400F3D5AC /* AsyncCurrentMinLoadBalancerProxy.swift */,
			);
			path = "Load Balancer";
			sourceTree = "<group>";
		};
		00AB61C0274A4A5F0046B7D3 /* Utilities */ = {
			isa = PBXGroup;
			children = (
				00AB61C1274A4ADC0046B7D3 /* Color+CyberPunkRetroPalette.swift */,
			);
			path = Utilities;
			sourceTree = "<group>";
		};
		00E6380F27528BAA0033C5B9 /* Sync - GCD and OpQueues */ = {
			isa = PBXGroup;
			children = (
				008BC48727461264002D4439 /* SyncQueuesContainerPresenter.swift */,
			);
			path = "Sync - GCD and OpQueues";
			sourceTree = "<group>";
		};
		00E6381027528BE40033C5B9 /* Async - Swift Concurrency */ = {
			isa = PBXGroup;
			children = (
				0093F934274FD60B00BCA042 /* AsyncQueuesContainerPresenter.swift */,
			);
			path = "Async - Swift Concurrency";
			sourceTree = "<group>";
		};
/* End PBXGroup section */

/* Begin PBXNativeTarget section */
		007E92D42744BBC3008041E3 /* ConcurrentClientServer (iOS) */ = {
			isa = PBXNativeTarget;
			buildConfigurationList = 007E92E62744BBC3008041E3 /* Build configuration list for PBXNativeTarget "ConcurrentClientServer (iOS)" */;
			buildPhases = (
				007E92D12744BBC3008041E3 /* Sources */,
				007E92D22744BBC3008041E3 /* Frameworks */,
				007E92D32744BBC3008041E3 /* Resources */,
			);
			buildRules = (
			);
			dependencies = (
			);
			name = "ConcurrentClientServer (iOS)";
			productName = "ConcurrentClientServer (iOS)";
			productReference = 007E92D52744BBC3008041E3 /* ConcurrentClientServer.app */;
			productType = "com.apple.product-type.application";
		};
		007E92DA2744BBC3008041E3 /* ConcurrentClientServer (macOS) */ = {
			isa = PBXNativeTarget;
			buildConfigurationList = 007E92E92744BBC3008041E3 /* Build configuration list for PBXNativeTarget "ConcurrentClientServer (macOS)" */;
			buildPhases = (
				007E92D72744BBC3008041E3 /* Sources */,
				007E92D82744BBC3008041E3 /* Frameworks */,
				007E92D92744BBC3008041E3 /* Resources */,
			);
			buildRules = (
			);
			dependencies = (
			);
			name = "ConcurrentClientServer (macOS)";
			productName = "ConcurrentClientServer (macOS)";
			productReference = 007E92DB2744BBC3008041E3 /* ConcurrentClientServer.app */;
			productType = "com.apple.product-type.application";
		};
/* End PBXNativeTarget section */

/* Begin PBXProject section */
		007E92C92744BBC0008041E3 /* Project object */ = {
			isa = PBXProject;
			attributes = {
				BuildIndependentTargetsInParallel = 1;
				LastSwiftUpdateCheck = 1310;
				LastUpgradeCheck = 1310;
				TargetAttributes = {
					007E92D42744BBC3008041E3 = {
						CreatedOnToolsVersion = 13.1;
					};
					007E92DA2744BBC3008041E3 = {
						CreatedOnToolsVersion = 13.1;
					};
				};
			};
			buildConfigurationList = 007E92CC2744BBC0008041E3 /* Build configuration list for PBXProject "ConcurrentClientServer" */;
			compatibilityVersion = "Xcode 13.0";
			developmentRegion = en;
			hasScannedForEncodings = 0;
			knownRegions = (
				en,
				Base,
			);
			mainGroup = 007E92C82744BBC0008041E3;
			productRefGroup = 007E92D62744BBC3008041E3 /* Products */;
			projectDirPath = "";
			projectRoot = "";
			targets = (
				007E92D42744BBC3008041E3 /* ConcurrentClientServer (iOS) */,
				007E92DA2744BBC3008041E3 /* ConcurrentClientServer (macOS) */,
			);
		};
/* End PBXProject section */

/* Begin PBXResourcesBuildPhase section */
		007E92D32744BBC3008041E3 /* Resources */ = {
			isa = PBXResourcesBuildPhase;
			buildActionMask = 2147483647;
			files = (
				007E92E22744BBC3008041E3 /* Assets.xcassets in Resources */,
			);
			runOnlyForDeploymentPostprocessing = 0;
		};
		007E92D92744BBC3008041E3 /* Resources */ = {
			isa = PBXResourcesBuildPhase;
			buildActionMask = 2147483647;
			files = (
				007E92E32744BBC3008041E3 /* Assets.xcassets in Resources */,
			);
			runOnlyForDeploymentPostprocessing = 0;
		};
/* End PBXResourcesBuildPhase section */

/* Begin PBXSourcesBuildPhase section */
		007E92D12744BBC3008041E3 /* Sources */ = {
			isa = PBXSourcesBuildPhase;
			buildActionMask = 2147483647;
			files = (
				00A2011E2749986A0004DF82 /* QueueContainerView.swift in Sources */,
				00A42A72274CA1C4009EB9F3 /* OperationQueueService.swift in Sources */,
				008BC48827461264002D4439 /* SyncQueuesContainerPresenter.swift in Sources */,
				0093F935274FD60B00BCA042 /* AsyncQueuesContainerPresenter.swift in Sources */,
				00AB61BB274A3E850046B7D3 /* QueueViewModel.swift in Sources */,
				007E92F02744BFFD008041E3 /* LoadBalancer.swift in Sources */,
				00C0FEAE274F648400F3D5AC /* AsyncCurrentMinLoadBalancerProxy.swift in Sources */,
				0093F9412750009400BCA042 /* AsyncSerialQueue.swift in Sources */,
				00AD4C172748C52A009C517B /* QueueView.swift in Sources */,
				00AB61BE274A3F8C0046B7D3 /* Service.swift in Sources */,
				00AB61C2274A4ADC0046B7D3 /* Color+CyberPunkRetroPalette.swift in Sources */,
				0093F938274FD65B00BCA042 /* QueuesContainerPresenterProtocol.swift in Sources */,
				00A2011B274991DC0004DF82 /* QueuePresenter.swift in Sources */,
				00AB61B8274A3B5E0046B7D3 /* QueueItemViewModel.swift in Sources */,
				00AB61AF274A33BC0046B7D3 /* ServiceRequest.swift in Sources */,
				0093F93E274FFD3D00BCA042 /* SerialExecutor.swift in Sources */,
				007E92DE2744BBC3008041E3 /* ConcurrentClientServerApp.swift in Sources */,
				00A42A76274CA5B7009EB9F3 /* DummyCancellableOperation.swift in Sources */,
				00AB61AC274A33940046B7D3 /* GCDService.swift in Sources */,
				007E92ED2744BFB0008041E3 /* CurrentMinLoadBalancer.swift in Sources */,
				00E6380D2751F5ED0033C5B9 /* QueuesContainerPresenter.swift in Sources */,
				00A42A99274DF797009EB9F3 /* SwiftCService.swift in Sources */,
			);
			runOnlyForDeploymentPostprocessing = 0;
		};
		007E92D72744BBC3008041E3 /* Sources */ = {
			isa = PBXSourcesBuildPhase;
			buildActionMask = 2147483647;
			files = (
				00A2011F2749986A0004DF82 /* QueueContainerView.swift in Sources */,
				00A42A73274CA1C4009EB9F3 /* OperationQueueService.swift in Sources */,
				0093F936274FD60B00BCA042 /* AsyncQueuesContainerPresenter.swift in Sources */,
				008BC48927461264002D4439 /* SyncQueuesContainerPresenter.swift in Sources */,
				00AB61BC274A3E850046B7D3 /* QueueViewModel.swift in Sources */,
				007E92F12744BFFD008041E3 /* LoadBalancer.swift in Sources */,
				00AD4C182748C52A009C517B /* QueueView.swift in Sources */,
				00AB61BF274A3F8C0046B7D3 /* Service.swift in Sources */,
				00AB61C3274A4ADC0046B7D3 /* Color+CyberPunkRetroPalette.swift in Sources */,
				00A2011C274991DC0004DF82 /* QueuePresenter.swift in Sources */,
				00E6380E2751F5ED0033C5B9 /* QueuesContainerPresenter.swift in Sources */,
				00AB61B9274A3B5E0046B7D3 /* QueueItemViewModel.swift in Sources */,
				00C0FEAF274F648400F3D5AC /* AsyncCurrentMinLoadBalancerProxy.swift in Sources */,
				0093F939274FD65B00BCA042 /* QueuesContainerPresenterProtocol.swift in Sources */,
				00AB61B0274A33BC0046B7D3 /* ServiceRequest.swift in Sources */,
				007E92DF2744BBC3008041E3 /* ConcurrentClientServerApp.swift in Sources */,
				00A42A77274CA5B7009EB9F3 /* DummyCancellableOperation.swift in Sources */,
				0093F9422750009400BCA042 /* AsyncSerialQueue.swift in Sources */,
				00AB61AD274A33940046B7D3 /* GCDService.swift in Sources */,
				0093F93F274FFD3D00BCA042 /* SerialExecutor.swift in Sources */,
				007E92EE2744BFB0008041E3 /* CurrentMinLoadBalancer.swift in Sources */,
			);
			runOnlyForDeploymentPostprocessing = 0;
		};
/* End PBXSourcesBuildPhase section */

/* Begin XCBuildConfiguration section */
		007E92E42744BBC3008041E3 /* Debug */ = {
			isa = XCBuildConfiguration;
			buildSettings = {
				ALWAYS_SEARCH_USER_PATHS = NO;
				CLANG_ANALYZER_NONNULL = YES;
				CLANG_ANALYZER_NUMBER_OBJECT_CONVERSION = YES_AGGRESSIVE;
				CLANG_CXX_LANGUAGE_STANDARD = "gnu++17";
				CLANG_CXX_LIBRARY = "libc++";
				CLANG_ENABLE_MODULES = YES;
				CLANG_ENABLE_OBJC_ARC = YES;
				CLANG_ENABLE_OBJC_WEAK = YES;
				CLANG_WARN_BLOCK_CAPTURE_AUTORELEASING = YES;
				CLANG_WARN_BOOL_CONVERSION = YES;
				CLANG_WARN_COMMA = YES;
				CLANG_WARN_CONSTANT_CONVERSION = YES;
				CLANG_WARN_DEPRECATED_OBJC_IMPLEMENTATIONS = YES;
				CLANG_WARN_DIRECT_OBJC_ISA_USAGE = YES_ERROR;
				CLANG_WARN_DOCUMENTATION_COMMENTS = YES;
				CLANG_WARN_EMPTY_BODY = YES;
				CLANG_WARN_ENUM_CONVERSION = YES;
				CLANG_WARN_INFINITE_RECURSION = YES;
				CLANG_WARN_INT_CONVERSION = YES;
				CLANG_WARN_NON_LITERAL_NULL_CONVERSION = YES;
				CLANG_WARN_OBJC_IMPLICIT_RETAIN_SELF = YES;
				CLANG_WARN_OBJC_LITERAL_CONVERSION = YES;
				CLANG_WARN_OBJC_ROOT_CLASS = YES_ERROR;
				CLANG_WARN_QUOTED_INCLUDE_IN_FRAMEWORK_HEADER = YES;
				CLANG_WARN_RANGE_LOOP_ANALYSIS = YES;
				CLANG_WARN_STRICT_PROTOTYPES = YES;
				CLANG_WARN_SUSPICIOUS_MOVE = YES;
				CLANG_WARN_UNGUARDED_AVAILABILITY = YES_AGGRESSIVE;
				CLANG_WARN_UNREACHABLE_CODE = YES;
				CLANG_WARN__DUPLICATE_METHOD_MATCH = YES;
				COPY_PHASE_STRIP = NO;
				DEBUG_INFORMATION_FORMAT = dwarf;
				ENABLE_STRICT_OBJC_MSGSEND = YES;
				ENABLE_TESTABILITY = YES;
				GCC_C_LANGUAGE_STANDARD = gnu11;
				GCC_DYNAMIC_NO_PIC = NO;
				GCC_NO_COMMON_BLOCKS = YES;
				GCC_OPTIMIZATION_LEVEL = 0;
				GCC_PREPROCESSOR_DEFINITIONS = (
					"DEBUG=1",
					"$(inherited)",
				);
				GCC_WARN_64_TO_32_BIT_CONVERSION = YES;
				GCC_WARN_ABOUT_RETURN_TYPE = YES_ERROR;
				GCC_WARN_UNDECLARED_SELECTOR = YES;
				GCC_WARN_UNINITIALIZED_AUTOS = YES_AGGRESSIVE;
				GCC_WARN_UNUSED_FUNCTION = YES;
				GCC_WARN_UNUSED_VARIABLE = YES;
				MTL_ENABLE_DEBUG_INFO = INCLUDE_SOURCE;
				MTL_FAST_MATH = YES;
				ONLY_ACTIVE_ARCH = YES;
				SWIFT_ACTIVE_COMPILATION_CONDITIONS = DEBUG;
				SWIFT_OPTIMIZATION_LEVEL = "-Onone";
			};
			name = Debug;
		};
		007E92E52744BBC3008041E3 /* Release */ = {
			isa = XCBuildConfiguration;
			buildSettings = {
				ALWAYS_SEARCH_USER_PATHS = NO;
				CLANG_ANALYZER_NONNULL = YES;
				CLANG_ANALYZER_NUMBER_OBJECT_CONVERSION = YES_AGGRESSIVE;
				CLANG_CXX_LANGUAGE_STANDARD = "gnu++17";
				CLANG_CXX_LIBRARY = "libc++";
				CLANG_ENABLE_MODULES = YES;
				CLANG_ENABLE_OBJC_ARC = YES;
				CLANG_ENABLE_OBJC_WEAK = YES;
				CLANG_WARN_BLOCK_CAPTURE_AUTORELEASING = YES;
				CLANG_WARN_BOOL_CONVERSION = YES;
				CLANG_WARN_COMMA = YES;
				CLANG_WARN_CONSTANT_CONVERSION = YES;
				CLANG_WARN_DEPRECATED_OBJC_IMPLEMENTATIONS = YES;
				CLANG_WARN_DIRECT_OBJC_ISA_USAGE = YES_ERROR;
				CLANG_WARN_DOCUMENTATION_COMMENTS = YES;
				CLANG_WARN_EMPTY_BODY = YES;
				CLANG_WARN_ENUM_CONVERSION = YES;
				CLANG_WARN_INFINITE_RECURSION = YES;
				CLANG_WARN_INT_CONVERSION = YES;
				CLANG_WARN_NON_LITERAL_NULL_CONVERSION = YES;
				CLANG_WARN_OBJC_IMPLICIT_RETAIN_SELF = YES;
				CLANG_WARN_OBJC_LITERAL_CONVERSION = YES;
				CLANG_WARN_OBJC_ROOT_CLASS = YES_ERROR;
				CLANG_WARN_QUOTED_INCLUDE_IN_FRAMEWORK_HEADER = YES;
				CLANG_WARN_RANGE_LOOP_ANALYSIS = YES;
				CLANG_WARN_STRICT_PROTOTYPES = YES;
				CLANG_WARN_SUSPICIOUS_MOVE = YES;
				CLANG_WARN_UNGUARDED_AVAILABILITY = YES_AGGRESSIVE;
				CLANG_WARN_UNREACHABLE_CODE = YES;
				CLANG_WARN__DUPLICATE_METHOD_MATCH = YES;
				COPY_PHASE_STRIP = NO;
				DEBUG_INFORMATION_FORMAT = "dwarf-with-dsym";
				ENABLE_NS_ASSERTIONS = NO;
				ENABLE_STRICT_OBJC_MSGSEND = YES;
				GCC_C_LANGUAGE_STANDARD = gnu11;
				GCC_NO_COMMON_BLOCKS = YES;
				GCC_WARN_64_TO_32_BIT_CONVERSION = YES;
				GCC_WARN_ABOUT_RETURN_TYPE = YES_ERROR;
				GCC_WARN_UNDECLARED_SELECTOR = YES;
				GCC_WARN_UNINITIALIZED_AUTOS = YES_AGGRESSIVE;
				GCC_WARN_UNUSED_FUNCTION = YES;
				GCC_WARN_UNUSED_VARIABLE = YES;
				MTL_ENABLE_DEBUG_INFO = NO;
				MTL_FAST_MATH = YES;
				SWIFT_COMPILATION_MODE = wholemodule;
				SWIFT_OPTIMIZATION_LEVEL = "-O";
			};
			name = Release;
		};
		007E92E72744BBC3008041E3 /* Debug */ = {
			isa = XCBuildConfiguration;
			buildSettings = {
				ASSETCATALOG_COMPILER_APPICON_NAME = AppIcon;
				ASSETCATALOG_COMPILER_GLOBAL_ACCENT_COLOR_NAME = AccentColor;
				CODE_SIGN_STYLE = Automatic;
				CURRENT_PROJECT_VERSION = 1;
				DEVELOPMENT_TEAM = 29ND5D76MZ;
				ENABLE_PREVIEWS = YES;
				GENERATE_INFOPLIST_FILE = YES;
				INFOPLIST_KEY_UIApplicationSceneManifest_Generation = YES;
				INFOPLIST_KEY_UIApplicationSupportsIndirectInputEvents = YES;
				INFOPLIST_KEY_UILaunchScreen_Generation = YES;
				INFOPLIST_KEY_UISupportedInterfaceOrientations_iPad = "UIInterfaceOrientationPortrait UIInterfaceOrientationPortraitUpsideDown UIInterfaceOrientationLandscapeLeft UIInterfaceOrientationLandscapeRight";
				INFOPLIST_KEY_UISupportedInterfaceOrientations_iPhone = "UIInterfaceOrientationPortrait UIInterfaceOrientationLandscapeLeft UIInterfaceOrientationLandscapeRight";
				IPHONEOS_DEPLOYMENT_TARGET = 15.0;
				LD_RUNPATH_SEARCH_PATHS = (
					"$(inherited)",
					"@executable_path/Frameworks",
				);
				MARKETING_VERSION = 1.0;
				PRODUCT_BUNDLE_IDENTIFIER = com.sample.com.ConcurrentClientServer;
				PRODUCT_NAME = ConcurrentClientServer;
				SDKROOT = iphoneos;
				SWIFT_EMIT_LOC_STRINGS = YES;
				SWIFT_VERSION = 5.0;
				TARGETED_DEVICE_FAMILY = "1,2";
			};
			name = Debug;
		};
		007E92E82744BBC3008041E3 /* Release */ = {
			isa = XCBuildConfiguration;
			buildSettings = {
				ASSETCATALOG_COMPILER_APPICON_NAME = AppIcon;
				ASSETCATALOG_COMPILER_GLOBAL_ACCENT_COLOR_NAME = AccentColor;
				CODE_SIGN_STYLE = Automatic;
				CURRENT_PROJECT_VERSION = 1;
				DEVELOPMENT_TEAM = 29ND5D76MZ;
				ENABLE_PREVIEWS = YES;
				GENERATE_INFOPLIST_FILE = YES;
				INFOPLIST_KEY_UIApplicationSceneManifest_Generation = YES;
				INFOPLIST_KEY_UIApplicationSupportsIndirectInputEvents = YES;
				INFOPLIST_KEY_UILaunchScreen_Generation = YES;
				INFOPLIST_KEY_UISupportedInterfaceOrientations_iPad = "UIInterfaceOrientationPortrait UIInterfaceOrientationPortraitUpsideDown UIInterfaceOrientationLandscapeLeft UIInterfaceOrientationLandscapeRight";
				INFOPLIST_KEY_UISupportedInterfaceOrientations_iPhone = "UIInterfaceOrientationPortrait UIInterfaceOrientationLandscapeLeft UIInterfaceOrientationLandscapeRight";
				IPHONEOS_DEPLOYMENT_TARGET = 15.0;
				LD_RUNPATH_SEARCH_PATHS = (
					"$(inherited)",
					"@executable_path/Frameworks",
				);
				MARKETING_VERSION = 1.0;
				PRODUCT_BUNDLE_IDENTIFIER = com.sample.com.ConcurrentClientServer;
				PRODUCT_NAME = ConcurrentClientServer;
				SDKROOT = iphoneos;
				SWIFT_EMIT_LOC_STRINGS = YES;
				SWIFT_VERSION = 5.0;
				TARGETED_DEVICE_FAMILY = "1,2";
				VALIDATE_PRODUCT = YES;
			};
			name = Release;
		};
		007E92EA2744BBC3008041E3 /* Debug */ = {
			isa = XCBuildConfiguration;
			buildSettings = {
				ASSETCATALOG_COMPILER_APPICON_NAME = AppIcon;
				ASSETCATALOG_COMPILER_GLOBAL_ACCENT_COLOR_NAME = AccentColor;
				CODE_SIGN_ENTITLEMENTS = macOS/macOS.entitlements;
				CODE_SIGN_STYLE = Automatic;
				COMBINE_HIDPI_IMAGES = YES;
				CURRENT_PROJECT_VERSION = 1;
				DEVELOPMENT_TEAM = 29ND5D76MZ;
				ENABLE_HARDENED_RUNTIME = YES;
				ENABLE_PREVIEWS = YES;
				GENERATE_INFOPLIST_FILE = YES;
				INFOPLIST_KEY_NSHumanReadableCopyright = "";
				LD_RUNPATH_SEARCH_PATHS = (
					"$(inherited)",
					"@executable_path/../Frameworks",
				);
				MACOSX_DEPLOYMENT_TARGET = 12.0;
				MARKETING_VERSION = 1.0;
				PRODUCT_BUNDLE_IDENTIFIER = com.sample.com.ConcurrentClientServer;
				PRODUCT_NAME = ConcurrentClientServer;
				SDKROOT = macosx;
				SWIFT_EMIT_LOC_STRINGS = YES;
				SWIFT_VERSION = 5.0;
			};
			name = Debug;
		};
		007E92EB2744BBC3008041E3 /* Release */ = {
			isa = XCBuildConfiguration;
			buildSettings = {
				ASSETCATALOG_COMPILER_APPICON_NAME = AppIcon;
				ASSETCATALOG_COMPILER_GLOBAL_ACCENT_COLOR_NAME = AccentColor;
				CODE_SIGN_ENTITLEMENTS = macOS/macOS.entitlements;
				CODE_SIGN_STYLE = Automatic;
				COMBINE_HIDPI_IMAGES = YES;
				CURRENT_PROJECT_VERSION = 1;
				DEVELOPMENT_TEAM = 29ND5D76MZ;
				ENABLE_HARDENED_RUNTIME = YES;
				ENABLE_PREVIEWS = YES;
				GENERATE_INFOPLIST_FILE = YES;
				INFOPLIST_KEY_NSHumanReadableCopyright = "";
				LD_RUNPATH_SEARCH_PATHS = (
					"$(inherited)",
					"@executable_path/../Frameworks",
				);
				MACOSX_DEPLOYMENT_TARGET = 12.0;
				MARKETING_VERSION = 1.0;
				PRODUCT_BUNDLE_IDENTIFIER = com.sample.com.ConcurrentClientServer;
				PRODUCT_NAME = ConcurrentClientServer;
				SDKROOT = macosx;
				SWIFT_EMIT_LOC_STRINGS = YES;
				SWIFT_VERSION = 5.0;
			};
			name = Release;
		};
/* End XCBuildConfiguration section */

/* Begin XCConfigurationList section */
		007E92CC2744BBC0008041E3 /* Build configuration list for PBXProject "ConcurrentClientServer" */ = {
			isa = XCConfigurationList;
			buildConfigurations = (
				007E92E42744BBC3008041E3 /* Debug */,
				007E92E52744BBC3008041E3 /* Release */,
			);
			defaultConfigurationIsVisible = 0;
			defaultConfigurationName = Release;
		};
		007E92E62744BBC3008041E3 /* Build configuration list for PBXNativeTarget "ConcurrentClientServer (iOS)" */ = {
			isa = XCConfigurationList;
			buildConfigurations = (
				007E92E72744BBC3008041E3 /* Debug */,
				007E92E82744BBC3008041E3 /* Release */,
			);
			defaultConfigurationIsVisible = 0;
			defaultConfigurationName = Release;
		};
		007E92E92744BBC3008041E3 /* Build configuration list for PBXNativeTarget "ConcurrentClientServer (macOS)" */ = {
			isa = XCConfigurationList;
			buildConfigurations = (
				007E92EA2744BBC3008041E3 /* Debug */,
				007E92EB2744BBC3008041E3 /* Release */,
			);
			defaultConfigurationIsVisible = 0;
			defaultConfigurationName = Release;
		};
/* End XCConfigurationList section */
	};
	rootObject = 007E92C92744BBC0008041E3 /* Project object */;
}
